{
  "originHash" : "0d60e1f78e8094d013dc10e77936d71523ab5af90248e3180c9986541733e9bc",
  "pins" : [
    {
      "identity" : "emojibase-bindings",
      "kind" : "remoteSourceControl",
      "location" : "https://github.com/matrix-org/emojibase-bindings",
      "state" : {
        "revision" : "d1ed54c3bf63caa8fb48a30e16e465ac148f26f6",
        "version" : "1.5.0"
      }
    },
    {
      "identity" : "swift-docc-plugin",
      "kind" : "remoteSourceControl",
      "location" : "https://github.com/apple/swift-docc-plugin",
      "state" : {
        "revision" : "3e4f133a77e644a5812911a0513aeb7288b07d06",
        "version" : "1.4.5"
      }
    },
    {
      "identity" : "swift-docc-symbolkit",
      "kind" : "remoteSourceControl",
      "location" : "https://github.com/swiftlang/swift-docc-symbolkit",
      "state" : {
        "revision" : "b45d1f2ed151d057b54504d653e0da5552844e34",
        "version" : "1.0.0"
      }
    }
  ],
  "version" : 3
}
